
Microsoft Visual Studio Solution File, Format Version 12.00
# Visual Studio 14
VisualStudioVersion = 14.0.25123.0
MinimumVisualStudioVersion = 10.0.40219.1
Project("{FAE04EC0-301F-11D3-BF4B-00C04F79EFBC}") = "NetworkClient", "NetworkClient\NetworkClient.csproj", "{8E2B2700-F902-4732-B642-3DF52C40AE7B}"
EndProject
Project("{FAE04EC0-301F-11D3-BF4B-00C04F79EFBC}") = "NetworkServer", "NetworkServer\NetworkServer.csproj", "{EFDCCE49-8B36-411C-8A6E-F73C81D3D420}"
EndProject
Project("{FAE04EC0-301F-11D3-BF4B-00C04F79EFBC}") = "NetworkLibrary", "NetworkLibrary\NetworkLibrary.csproj", "{D2EF46D0-9879-446F-9EC1-5AA483B9A364}"
EndProject
Global
	GlobalSection(SolutionConfigurationPlatforms) = preSolution
		Debug|Any CPU = Debug|Any CPU
		Debug|x64 = Debug|x64
		Debug|x86 = Debug|x86
		Release|Any CPU = Release|Any CPU
		Release|x64 = Release|x64
		Release|x86 = Release|x86
	EndGlobalSection
	GlobalSection(ProjectConfigurationPlatforms) = postSolution
		{8E2B2700-F902-4732-B642-3DF52C40AE7B}.Debug|Any CPU.ActiveCfg = Debug|Any CPU
		{8E2B2700-F902-4732-B642-3DF52C40AE7B}.Debug|Any CPU.Build.0 = Debug|Any CPU
		{8E2B2700-F902-4732-B642-3DF52C40AE7B}.Debug|x64.ActiveCfg = Debug|x64
		{8E2B2700-F902-4732-B642-3DF52C40AE7B}.Debug|x64.Build.0 = Debug|x64
		{8E2B2700-F902-4732-B642-3DF52C40AE7B}.Debug|x86.ActiveCfg = Debug|x86
		{8E2B2700-F902-4732-B642-3DF52C40AE7B}.Debug|x86.Build.0 = Debug|x86
		{8E2B2700-F902-4732-B642-3DF52C40AE7B}.Release|Any CPU.ActiveCfg = Release|Any CPU
		{8E2B2700-F902-4732-B642-3DF52C40AE7B}.Release|Any CPU.Build.0 = Release|Any CPU
		{8E2B2700-F902-4732-B642-3DF52C40AE7B}.Release|x64.ActiveCfg = Release|x64
		{8E2B2700-F902-4732-B642-3DF52C40AE7B}.Release|x64.Build.0 = Release|x64
		{8E2B2700-F902-4732-B642-3DF52C40AE7B}.Release|x86.ActiveCfg = Release|x86
		{8E2B2700-F902-4732-B642-3DF52C40AE7B}.Release|x86.Build.0 = Release|x86
		{EFDCCE49-8B36-411C-8A6E-F73C81D3D420}.Debug|Any CPU.ActiveCfg = Debug|Any CPU
		{EFDCCE49-8B36-411C-8A6E-F73C81D3D420}.Debug|Any CPU.Build.0 = Debug|Any CPU
		{EFDCCE49-8B36-411C-8A6E-F73C81D3D420}.Debug|x64.ActiveCfg = Debug|Any CPU
		{EFDCCE49-8B36-411C-8A6E-F73C81D3D420}.Debug|x64.Build.0 = Debug|Any CPU
		{EFDCCE49-8B36-411C-8A6E-F73C81D3D420}.Debug|x86.ActiveCfg = Debug|Any CPU
		{EFDCCE49-8B36-411C-8A6E-F73C81D3D420}.Debug|x86.Build.0 = Debug|Any CPU
		{EFDCCE49-8B36-411C-8A6E-F73C81D3D420}.Release|Any CPU.ActiveCfg = Release|Any CPU
		{EFDCCE49-8B36-411C-8A6E-F73C81D3D420}.Release|Any CPU.Build.0 = Release|Any CPU
		{EFDCCE49-8B36-411C-8A6E-F73C81D3D420}.Release|x64.ActiveCfg = Release|Any CPU
		{EFDCCE49-8B36-411C-8A6E-F73C81D3D420}.Release|x64.Build.0 = Release|Any CPU
		{EFDCCE49-8B36-411C-8A6E-F73C81D3D420}.Release|x86.ActiveCfg = Release|Any CPU
		{EFDCCE49-8B36-411C-8A6E-F73C81D3D420}.Release|x86.Build.0 = Release|Any CPU
		{D2EF46D0-9879-446F-9EC1-5AA483B9A364}.Debug|Any CPU.ActiveCfg = Debug|Any CPU
		{D2EF46D0-9879-446F-9EC1-5AA483B9A364}.Debug|Any CPU.Build.0 = Debug|Any CPU
		{D2EF46D0-9879-446F-9EC1-5AA483B9A364}.Debug|x64.ActiveCfg = Debug|Any CPU
		{D2EF46D0-9879-446F-9EC1-5AA483B9A364}.Debug|x64.Build.0 = Debug|Any CPU
		{D2EF46D0-9879-446F-9EC1-5AA483B9A364}.Debug|x86.ActiveCfg = Debug|Any CPU
		{D2EF46D0-9879-446F-9EC1-5AA483B9A364}.Debug|x86.Build.0 = Debug|Any CPU
		{D2EF46D0-9879-446F-9EC1-5AA483B9A364}.Release|Any CPU.ActiveCfg = Release|Any CPU
		{D2EF46D0-9879-446F-9EC1-5AA483B9A364}.Release|Any CPU.Build.0 = Release|Any CPU
		{D2EF46D0-9879-446F-9EC1-5AA483B9A364}.Release|x64.ActiveCfg = Release|Any CPU
		{D2EF46D0-9879-446F-9EC1-5AA483B9A364}.Release|x64.Build.0 = Release|Any CPU
		{D2EF46D0-9879-446F-9EC1-5AA483B9A364}.Release|x86.ActiveCfg = Release|Any CPU
		{D2EF46D0-9879-446F-9EC1-5AA483B9A364}.Release|x86.Build.0 = Release|Any CPU
	EndGlobalSection
	GlobalSection(SolutionProperties) = preSolution
		HideSolutionNode = FALSE
	EndGlobalSection
EndGlobal
